// !$*UTF8*$!
{
	archiveVersion = 1;
	classes = {
	};
	objectVersion = 50;
	objects = {

/* Begin PBXBuildFile section */
		1832592B2226BF6000745CDC /* celdaCustom.swift in Sources */ = {isa = PBXBuildFile; fileRef = 1832592A2226BF6000745CDC /* celdaCustom.swift */; };
		1832592D2226BF6A00745CDC /* Perro.swift in Sources */ = {isa = PBXBuildFile; fileRef = 1832592C2226BF6A00745CDC /* Perro.swift */; };
		1832592F2226BFBD00745CDC /* ViewDetail.swift in Sources */ = {isa = PBXBuildFile; fileRef = 1832592E2226BFBD00745CDC /* ViewDetail.swift */; };
		184E074B2226952700107F43 /* AppDelegate.swift in Sources */ = {isa = PBXBuildFile; fileRef = 184E074A2226952700107F43 /* AppDelegate.swift */; };
		184E074D2226952700107F43 /* ViewHome.swift in Sources */ = {isa = PBXBuildFile; fileRef = 184E074C2226952700107F43 /* ViewHome.swift */; };
		184E07502226952700107F43 /* Main.storyboard in Resources */ = {isa = PBXBuildFile; fileRef = 184E074E2226952700107F43 /* Main.storyboard */; };
		184E07522226952800107F43 /* Assets.xcassets in Resources */ = {isa = PBXBuildFile; fileRef = 184E07512226952800107F43 /* Assets.xcassets */; };
		184E07552226952800107F43 /* LaunchScreen.storyboard in Resources */ = {isa = PBXBuildFile; fileRef = 184E07532226952800107F43 /* LaunchScreen.storyboard */; };
		184E07602226952900107F43 /* Instagram2_0Tests.swift in Sources */ = {isa = PBXBuildFile; fileRef = 184E075F2226952900107F43 /* Instagram2_0Tests.swift */; };
		184E076B2226952900107F43 /* Instagram2_0UITests.swift in Sources */ = {isa = PBXBuildFile; fileRef = 184E076A2226952900107F43 /* Instagram2_0UITests.swift */; };
		184E077B2226963200107F43 /* UITapBarController.swift in Sources */ = {isa = PBXBuildFile; fileRef = 184E077A2226963200107F43 /* UITapBarController.swift */; };
		184E077D222696DD00107F43 /* ViewSearch.swift in Sources */ = {isa = PBXBuildFile; fileRef = 184E077C222696DD00107F43 /* ViewSearch.swift */; };
		184E077F222696EC00107F43 /* ViewAbout.swift in Sources */ = {isa = PBXBuildFile; fileRef = 184E077E222696EC00107F43 /* ViewAbout.swift */; };
		184E07812226970F00107F43 /* ViewPerfil.swift in Sources */ = {isa = PBXBuildFile; fileRef = 184E07802226970F00107F43 /* ViewPerfil.swift */; };
/* End PBXBuildFile section */

/* Begin PBXContainerItemProxy section */
		184E075C2226952900107F43 /* PBXContainerItemProxy */ = {
			isa = PBXContainerItemProxy;
			containerPortal = 184E073F2226952700107F43 /* Project object */;
			proxyType = 1;
			remoteGlobalIDString = 184E07462226952700107F43;
			remoteInfo = Instagram2.0;
		};
		184E07672226952900107F43 /* PBXContainerItemProxy */ = {
			isa = PBXContainerItemProxy;
			containerPortal = 184E073F2226952700107F43 /* Project object */;
			proxyType = 1;
			remoteGlobalIDString = 184E07462226952700107F43;
			remoteInfo = Instagram2.0;
		};
/* End PBXContainerItemProxy section */

/* Begin PBXFileReference section */
		1832592A2226BF6000745CDC /* celdaCustom.swift */ = {isa = PBXFileReference; fileEncoding = 4; lastKnownFileType = sourcecode.swift; path = celdaCustom.swift; sourceTree = "<group>"; };
		1832592C2226BF6A00745CDC /* Perro.swift */ = {isa = PBXFileReference; fileEncoding = 4; lastKnownFileType = sourcecode.swift; path = Perro.swift; sourceTree = "<group>"; };
		1832592E2226BFBD00745CDC /* ViewDetail.swift */ = {isa = PBXFileReference; lastKnownFileType = sourcecode.swift; path = ViewDetail.swift; sourceTree = "<group>"; };
		184E07472226952700107F43 /* Instagram2.0.app */ = {isa = PBXFileReference; explicitFileType = wrapper.application; includeInIndex = 0; path = Instagram2.0.app; sourceTree = BUILT_PRODUCTS_DIR; };
		184E074A2226952700107F43 /* AppDelegate.swift */ = {isa = PBXFileReference; lastKnownFileType = sourcecode.swift; path = AppDelegate.swift; sourceTree = "<group>"; };
		184E074C2226952700107F43 /* ViewHome.swift */ = {isa = PBXFileReference; lastKnownFileType = sourcecode.swift; path = ViewHome.swift; sourceTree = "<group>"; };
		184E074F2226952700107F43 /* Base */ = {isa = PBXFileReference; lastKnownFileType = file.storyboard; name = Base; path = Base.lproj/Main.storyboard; sourceTree = "<group>"; };
		184E07512226952800107F43 /* Assets.xcassets */ = {isa = PBXFileReference; lastKnownFileType = folder.assetcatalog; path = Assets.xcassets; sourceTree = "<group>"; };
		184E07542226952800107F43 /* Base */ = {isa = PBXFileReference; lastKnownFileType = file.storyboard; name = Base; path = Base.lproj/LaunchScreen.storyboard; sourceTree = "<group>"; };
		184E07562226952800107F43 /* Info.plist */ = {isa = PBXFileReference; lastKnownFileType = text.plist.xml; path = Info.plist; sourceTree = "<group>"; };
		184E075B2226952900107F43 /* Instagram2.0Tests.xctest */ = {isa = PBXFileReference; explicitFileType = wrapper.cfbundle; includeInIndex = 0; path = Instagram2.0Tests.xctest; sourceTree = BUILT_PRODUCTS_DIR; };
		184E075F2226952900107F43 /* Instagram2_0Tests.swift */ = {isa = PBXFileReference; lastKnownFileType = sourcecode.swift; path = Instagram2_0Tests.swift; sourceTree = "<group>"; };
		184E07612226952900107F43 /* Info.plist */ = {isa = PBXFileReference; lastKnownFileType = text.plist.xml; path = Info.plist; sourceTree = "<group>"; };
		184E07662226952900107F43 /* Instagram2.0UITests.xctest */ = {isa = PBXFileReference; explicitFileType = wrapper.cfbundle; includeInIndex = 0; path = Instagram2.0UITests.xctest; sourceTree = BUILT_PRODUCTS_DIR; };
		184E076A2226952900107F43 /* Instagram2_0UITests.swift */ = {isa = PBXFileReference; lastKnownFileType = sourcecode.swift; path = Instagram2_0UITests.swift; sourceTree = "<group>"; };
		184E076C2226952900107F43 /* Info.plist */ = {isa = PBXFileReference; lastKnownFileType = text.plist.xml; path = Info.plist; sourceTree = "<group>"; };
		184E077A2226963200107F43 /* UITapBarController.swift */ = {isa = PBXFileReference; lastKnownFileType = sourcecode.swift; path = UITapBarController.swift; sourceTree = "<group>"; };
		184E077C222696DD00107F43 /* ViewSearch.swift */ = {isa = PBXFileReference; lastKnownFileType = sourcecode.swift; path = ViewSearch.swift; sourceTree = "<group>"; };
		184E077E222696EC00107F43 /* ViewAbout.swift */ = {isa = PBXFileReference; lastKnownFileType = sourcecode.swift; path = ViewAbout.swift; sourceTree = "<group>"; };
		184E07802226970F00107F43 /* ViewPerfil.swift */ = {isa = PBXFileReference; lastKnownFileType = sourcecode.swift; path = ViewPerfil.swift; sourceTree = "<group>"; };
/* End PBXFileReference section */

/* Begin PBXFrameworksBuildPhase section */
		184E07442226952700107F43 /* Frameworks */ = {
			isa = PBXFrameworksBuildPhase;
			buildActionMask = 2147483647;
			files = (
			);
			runOnlyForDeploymentPostprocessing = 0;
		};
		184E07582226952900107F43 /* Frameworks */ = {
			isa = PBXFrameworksBuildPhase;
			buildActionMask = 2147483647;
			files = (
			);
			runOnlyForDeploymentPostprocessing = 0;
		};
		184E07632226952900107F43 /* Frameworks */ = {
			isa = PBXFrameworksBuildPhase;
			buildActionMask = 2147483647;
			files = (
			);
			runOnlyForDeploymentPostprocessing = 0;
		};
/* End PBXFrameworksBuildPhase section */

/* Begin PBXGroup section */
		183259292226BF4900745CDC /* model */ = {
			isa = PBXGroup;
			children = (
				1832592C2226BF6A00745CDC /* Perro.swift */,
				1832592A2226BF6000745CDC /* celdaCustom.swift */,
			);
			path = model;
			sourceTree = "<group>";
		};
		184E073E2226952700107F43 = {
			isa = PBXGroup;
			children = (
				184E07492226952700107F43 /* Instagram2.0 */,
				184E075E2226952900107F43 /* Instagram2.0Tests */,
				184E07692226952900107F43 /* Instagram2.0UITests */,
				184E07482226952700107F43 /* Products */,
			);
			sourceTree = "<group>";
		};
		184E07482226952700107F43 /* Products */ = {
			isa = PBXGroup;
			children = (
				184E07472226952700107F43 /* Instagram2.0.app */,
				184E075B2226952900107F43 /* Instagram2.0Tests.xctest */,
				184E07662226952900107F43 /* Instagram2.0UITests.xctest */,
			);
			name = Products;
			sourceTree = "<group>";
		};
		184E07492226952700107F43 /* Instagram2.0 */ = {
			isa = PBXGroup;
			children = (
				183259292226BF4900745CDC /* model */,
				184E07792226961500107F43 /* controller */,
				184E0778222695FB00107F43 /* vistas */,
				184E074A2226952700107F43 /* AppDelegate.swift */,
				184E074E2226952700107F43 /* Main.storyboard */,
				184E07512226952800107F43 /* Assets.xcassets */,
				184E07532226952800107F43 /* LaunchScreen.storyboard */,
				184E07562226952800107F43 /* Info.plist */,
			);
			path = Instagram2.0;
			sourceTree = "<group>";
		};
		184E075E2226952900107F43 /* Instagram2.0Tests */ = {
			isa = PBXGroup;
			children = (
				184E075F2226952900107F43 /* Instagram2_0Tests.swift */,
				184E07612226952900107F43 /* Info.plist */,
			);
			path = Instagram2.0Tests;
			sourceTree = "<group>";
		};
		184E07692226952900107F43 /* Instagram2.0UITests */ = {
			isa = PBXGroup;
			children = (
				184E076A2226952900107F43 /* Instagram2_0UITests.swift */,
				184E076C2226952900107F43 /* Info.plist */,
			);
			path = Instagram2.0UITests;
			sourceTree = "<group>";
		};
		184E0778222695FB00107F43 /* vistas */ = {
			isa = PBXGroup;
			children = (
				184E074C2226952700107F43 /* ViewHome.swift */,
				184E077C222696DD00107F43 /* ViewSearch.swift */,
				184E07802226970F00107F43 /* ViewPerfil.swift */,
				184E077E222696EC00107F43 /* ViewAbout.swift */,
				1832592E2226BFBD00745CDC /* ViewDetail.swift */,
			);
			path = vistas;
			sourceTree = "<group>";
		};
		184E07792226961500107F43 /* controller */ = {
			isa = PBXGroup;
			children = (
				184E077A2226963200107F43 /* UITapBarController.swift */,
			);
			path = controller;
			sourceTree = "<group>";
		};
/* End PBXGroup section */

/* Begin PBXNativeTarget section */
		184E07462226952700107F43 /* Instagram2.0 */ = {
			isa = PBXNativeTarget;
			buildConfigurationList = 184E076F2226952900107F43 /* Build configuration list for PBXNativeTarget "Instagram2.0" */;
			buildPhases = (
				184E07432226952700107F43 /* Sources */,
				184E07442226952700107F43 /* Frameworks */,
				184E07452226952700107F43 /* Resources */,
			);
			buildRules = (
			);
			dependencies = (
			);
			name = Instagram2.0;
			productName = Instagram2.0;
			productReference = 184E07472226952700107F43 /* Instagram2.0.app */;
			productType = "com.apple.product-type.application";
		};
		184E075A2226952900107F43 /* Instagram2.0Tests */ = {
			isa = PBXNativeTarget;
			buildConfigurationList = 184E07722226952900107F43 /* Build configuration list for PBXNativeTarget "Instagram2.0Tests" */;
			buildPhases = (
				184E07572226952900107F43 /* Sources */,
				184E07582226952900107F43 /* Frameworks */,
				184E07592226952900107F43 /* Resources */,
			);
			buildRules = (
			);
			dependencies = (
				184E075D2226952900107F43 /* PBXTargetDependency */,
			);
			name = Instagram2.0Tests;
			productName = Instagram2.0Tests;
			productReference = 184E075B2226952900107F43 /* Instagram2.0Tests.xctest */;
			productType = "com.apple.product-type.bundle.unit-test";
		};
		184E07652226952900107F43 /* Instagram2.0UITests */ = {
			isa = PBXNativeTarget;
			buildConfigurationList = 184E07752226952900107F43 /* Build configuration list for PBXNativeTarget "Instagram2.0UITests" */;
			buildPhases = (
				184E07622226952900107F43 /* Sources */,
				184E07632226952900107F43 /* Frameworks */,
				184E07642226952900107F43 /* Resources */,
			);
			buildRules = (
			);
			dependencies = (
				184E07682226952900107F43 /* PBXTargetDependency */,
			);
			name = Instagram2.0UITests;
			productName = Instagram2.0UITests;
			productReference = 184E07662226952900107F43 /* Instagram2.0UITests.xctest */;
			productType = "com.apple.product-type.bundle.ui-testing";
		};
/* End PBXNativeTarget section */

/* Begin PBXProject section */
		184E073F2226952700107F43 /* Project object */ = {
			isa = PBXProject;
			attributes = {
				LastSwiftUpdateCheck = 1010;
				LastUpgradeCheck = 1010;
				ORGANIZATIONNAME = "Cristian Carreño Navarro";
				TargetAttributes = {
					184E07462226952700107F43 = {
						CreatedOnToolsVersion = 10.1;
					};
					184E075A2226952900107F43 = {
						CreatedOnToolsVersion = 10.1;
						TestTargetID = 184E07462226952700107F43;
					};
					184E07652226952900107F43 = {
						CreatedOnToolsVersion = 10.1;
						TestTargetID = 184E07462226952700107F43;
					};
				};
			};
			buildConfigurationList = 184E07422226952700107F43 /* Build configuration list for PBXProject "Instagram2.0" */;
			compatibilityVersion = "Xcode 9.3";
			developmentRegion = en;
			hasScannedForEncodings = 0;
			knownRegions = (
				en,
				Base,
			);
			mainGroup = 184E073E2226952700107F43;
			productRefGroup = 184E07482226952700107F43 /* Products */;
			projectDirPath = "";
			projectRoot = "";
			targets = (
				184E07462226952700107F43 /* Instagram2.0 */,
				184E075A2226952900107F43 /* Instagram2.0Tests */,
				184E07652226952900107F43 /* Instagram2.0UITests */,
			);
		};
/* End PBXProject section */

/* Begin PBXResourcesBuildPhase section */
		184E07452226952700107F43 /* Resources */ = {
			isa = PBXResourcesBuildPhase;
			buildActionMask = 2147483647;
			files = (
				184E07552226952800107F43 /* LaunchScreen.storyboard in Resources */,
				184E07522226952800107F43 /* Assets.xcassets in Resources */,
				184E07502226952700107F43 /* Main.storyboard in Resources */,
			);
			runOnlyForDeploymentPostprocessing = 0;
		};
		184E07592226952900107F43 /* Resources */ = {
			isa = PBXResourcesBuildPhase;
			buildActionMask = 2147483647;
			files = (
			);
			runOnlyForDeploymentPostprocessing = 0;
		};
		184E07642226952900107F43 /* Resources */ = {
			isa = PBXResourcesBuildPhase;
			buildActionMask = 2147483647;
			files = (
			);
			runOnlyForDeploymentPostprocessing = 0;
		};
/* End PBXResourcesBuildPhase section */

/* Begin PBXSourcesBuildPhase section */
		184E07432226952700107F43 /* Sources */ = {
			isa = PBXSourcesBuildPhase;
			buildActionMask = 2147483647;
			files = (
				184E077D222696DD00107F43 /* ViewSearch.swift in Sources */,
				1832592F2226BFBD00745CDC /* ViewDetail.swift in Sources */,
				184E077F222696EC00107F43 /* ViewAbout.swift in Sources */,
				1832592B2226BF6000745CDC /* celdaCustom.swift in Sources */,
				184E07812226970F00107F43 /* ViewPerfil.swift in Sources */,
				184E074D2226952700107F43 /* ViewHome.swift in Sources */,
				184E077B2226963200107F43 /* UITapBarController.swift in Sources */,
				1832592D2226BF6A00745CDC /* Perro.swift in Sources */,
				184E074B2226952700107F43 /* AppDelegate.swift in Sources */,
			);
			runOnlyForDeploymentPostprocessing = 0;
		};
		184E07572226952900107F43 /* Sources */ = {
			isa = PBXSourcesBuildPhase;
			buildActionMask = 2147483647;
			files = (
				184E07602226952900107F43 /* Instagram2_0Tests.swift in Sources */,
			);
			runOnlyForDeploymentPostprocessing = 0;
		};
		184E07622226952900107F43 /* Sources */ = {
			isa = PBXSourcesBuildPhase;
			buildActionMask = 2147483647;
			files = (
				184E076B2226952900107F43 /* Instagram2_0UITests.swift in Sources */,
			);
			runOnlyForDeploymentPostprocessing = 0;
		};
/* End PBXSourcesBuildPhase section */

/* Begin PBXTargetDependency section */
		184E075D2226952900107F43 /* PBXTargetDependency */ = {
			isa = PBXTargetDependency;
			target = 184E07462226952700107F43 /* Instagram2.0 */;
			targetProxy = 184E075C2226952900107F43 /* PBXContainerItemProxy */;
		};
		184E07682226952900107F43 /* PBXTargetDependency */ = {
			isa = PBXTargetDependency;
			target = 184E07462226952700107F43 /* Instagram2.0 */;
			targetProxy = 184E07672226952900107F43 /* PBXContainerItemProxy */;
		};
/* End PBXTargetDependency section */

/* Begin PBXVariantGroup section */
		184E074E2226952700107F43 /* Main.storyboard */ = {
			isa = PBXVariantGroup;
			children = (
				184E074F2226952700107F43 /* Base */,
			);
			name = Main.storyboard;
			sourceTree = "<group>";
		};
		184E07532226952800107F43 /* LaunchScreen.storyboard */ = {
			isa = PBXVariantGroup;
			children = (
				184E07542226952800107F43 /* Base */,
			);
			name = LaunchScreen.storyboard;
			sourceTree = "<group>";
		};
/* End PBXVariantGroup section */

/* Begin XCBuildConfiguration section */
		184E076D2226952900107F43 /* Debug */ = {
			isa = XCBuildConfiguration;
			buildSettings = {
				ALWAYS_SEARCH_USER_PATHS = NO;
				CLANG_ANALYZER_NONNULL = YES;
				CLANG_ANALYZER_NUMBER_OBJECT_CONVERSION = YES_AGGRESSIVE;
				CLANG_CXX_LANGUAGE_STANDARD = "gnu++14";
				CLANG_CXX_LIBRARY = "libc++";
				CLANG_ENABLE_MODULES = YES;
				CLANG_ENABLE_OBJC_ARC = YES;
				CLANG_ENABLE_OBJC_WEAK = YES;
				CLANG_WARN_BLOCK_CAPTURE_AUTORELEASING = YES;
				CLANG_WARN_BOOL_CONVERSION = YES;
				CLANG_WARN_COMMA = YES;
				CLANG_WARN_CONSTANT_CONVERSION = YES;
				CLANG_WARN_DEPRECATED_OBJC_IMPLEMENTATIONS = YES;
				CLANG_WARN_DIRECT_OBJC_ISA_USAGE = YES_ERROR;
				CLANG_WARN_DOCUMENTATION_COMMENTS = YES;
				CLANG_WARN_EMPTY_BODY = YES;
				CLANG_WARN_ENUM_CONVERSION = YES;
				CLANG_WARN_INFINITE_RECURSION = YES;
				CLANG_WARN_INT_CONVERSION = YES;
				CLANG_WARN_NON_LITERAL_NULL_CONVERSION = YES;
				CLANG_WARN_OBJC_IMPLICIT_RETAIN_SELF = YES;
				CLANG_WARN_OBJC_LITERAL_CONVERSION = YES;
				CLANG_WARN_OBJC_ROOT_CLASS = YES_ERROR;
				CLANG_WARN_RANGE_LOOP_ANALYSIS = YES;
				CLANG_WARN_STRICT_PROTOTYPES = YES;
				CLANG_WARN_SUSPICIOUS_MOVE = YES;
				CLANG_WARN_UNGUARDED_AVAILABILITY = YES_AGGRESSIVE;
				CLANG_WARN_UNREACHABLE_CODE = YES;
				CLANG_WARN__DUPLICATE_METHOD_MATCH = YES;
				CODE_SIGN_IDENTITY = "iPhone Developer";
				COPY_PHASE_STRIP = NO;
				DEBUG_INFORMATION_FORMAT = dwarf;
				ENABLE_STRICT_OBJC_MSGSEND = YES;
				ENABLE_TESTABILITY = YES;
				GCC_C_LANGUAGE_STANDARD = gnu11;
				GCC_DYNAMIC_NO_PIC = NO;
				GCC_NO_COMMON_BLOCKS = YES;
				GCC_OPTIMIZATION_LEVEL = 0;
				GCC_PREPROCESSOR_DEFINITIONS = (
					"DEBUG=1",
					"$(inherited)",
				);
				GCC_WARN_64_TO_32_BIT_CONVERSION = YES;
				GCC_WARN_ABOUT_RETURN_TYPE = YES_ERROR;
				GCC_WARN_UNDECLARED_SELECTOR = YES;
				GCC_WARN_UNINITIALIZED_AUTOS = YES_AGGRESSIVE;
				GCC_WARN_UNUSED_FUNCTION = YES;
				GCC_WARN_UNUSED_VARIABLE = YES;
				IPHONEOS_DEPLOYMENT_TARGET = 12.1;
				MTL_ENABLE_DEBUG_INFO = INCLUDE_SOURCE;
				MTL_FAST_MATH = YES;
				ONLY_ACTIVE_ARCH = YES;
				SDKROOT = iphoneos;
				SWIFT_ACTIVE_COMPILATION_CONDITIONS = DEBUG;
				SWIFT_OPTIMIZATION_LEVEL = "-Onone";
			};
			name = Debug;
		};
		184E076E2226952900107F43 /* Release */ = {
			isa = XCBuildConfiguration;
			buildSettings = {
				ALWAYS_SEARCH_USER_PATHS = NO;
				CLANG_ANALYZER_NONNULL = YES;
				CLANG_ANALYZER_NUMBER_OBJECT_CONVERSION = YES_AGGRESSIVE;
				CLANG_CXX_LANGUAGE_STANDARD = "gnu++14";
				CLANG_CXX_LIBRARY = "libc++";
				CLANG_ENABLE_MODULES = YES;
				CLANG_ENABLE_OBJC_ARC = YES;
				CLANG_ENABLE_OBJC_WEAK = YES;
				CLANG_WARN_BLOCK_CAPTURE_AUTORELEASING = YES;
				CLANG_WARN_BOOL_CONVERSION = YES;
				CLANG_WARN_COMMA = YES;
				CLANG_WARN_CONSTANT_CONVERSION = YES;
				CLANG_WARN_DEPRECATED_OBJC_IMPLEMENTATIONS = YES;
				CLANG_WARN_DIRECT_OBJC_ISA_USAGE = YES_ERROR;
				CLANG_WARN_DOCUMENTATION_COMMENTS = YES;
				CLANG_WARN_EMPTY_BODY = YES;
				CLANG_WARN_ENUM_CONVERSION = YES;
				CLANG_WARN_INFINITE_RECURSION = YES;
				CLANG_WARN_INT_CONVERSION = YES;
				CLANG_WARN_NON_LITERAL_NULL_CONVERSION = YES;
				CLANG_WARN_OBJC_IMPLICIT_RETAIN_SELF = YES;
				CLANG_WARN_OBJC_LITERAL_CONVERSION = YES;
				CLANG_WARN_OBJC_ROOT_CLASS = YES_ERROR;
				CLANG_WARN_RANGE_LOOP_ANALYSIS = YES;
				CLANG_WARN_STRICT_PROTOTYPES = YES;
				CLANG_WARN_SUSPICIOUS_MOVE = YES;
				CLANG_WARN_UNGUARDED_AVAILABILITY = YES_AGGRESSIVE;
				CLANG_WARN_UNREACHABLE_CODE = YES;
				CLANG_WARN__DUPLICATE_METHOD_MATCH = YES;
				CODE_SIGN_IDENTITY = "iPhone Developer";
				COPY_PHASE_STRIP = NO;
				DEBUG_INFORMATION_FORMAT = "dwarf-with-dsym";
				ENABLE_NS_ASSERTIONS = NO;
				ENABLE_STRICT_OBJC_MSGSEND = YES;
				GCC_C_LANGUAGE_STANDARD = gnu11;
				GCC_NO_COMMON_BLOCKS = YES;
				GCC_WARN_64_TO_32_BIT_CONVERSION = YES;
				GCC_WARN_ABOUT_RETURN_TYPE = YES_ERROR;
				GCC_WARN_UNDECLARED_SELECTOR = YES;
				GCC_WARN_UNINITIALIZED_AUTOS = YES_AGGRESSIVE;
				GCC_WARN_UNUSED_FUNCTION = YES;
				GCC_WARN_UNUSED_VARIABLE = YES;
				IPHONEOS_DEPLOYMENT_TARGET = 12.1;
				MTL_ENABLE_DEBUG_INFO = NO;
				MTL_FAST_MATH = YES;
				SDKROOT = iphoneos;
				SWIFT_COMPILATION_MODE = wholemodule;
				SWIFT_OPTIMIZATION_LEVEL = "-O";
				VALIDATE_PRODUCT = YES;
			};
			name = Release;
		};
		184E07702226952900107F43 /* Debug */ = {
			isa = XCBuildConfiguration;
			buildSettings = {
				ASSETCATALOG_COMPILER_APPICON_NAME = AppIcon;
				CODE_SIGN_STYLE = Automatic;
				DEVELOPMENT_TEAM = 346MLAG495;
				INFOPLIST_FILE = Instagram2.0/Info.plist;
				LD_RUNPATH_SEARCH_PATHS = (
					"$(inherited)",
					"@executable_path/Frameworks",
				);
				PRODUCT_BUNDLE_IDENTIFIER = "cristian.Instagram2-0";
				PRODUCT_NAME = "$(TARGET_NAME)";
				SWIFT_VERSION = 4.2;
				TARGETED_DEVICE_FAMILY = "1,2";
			};
			name = Debug;
		};
		184E07712226952900107F43 /* Release */ = {
			isa = XCBuildConfiguration;
			buildSettings = {
				ASSETCATALOG_COMPILER_APPICON_NAME = AppIcon;
				CODE_SIGN_STYLE = Automatic;
				DEVELOPMENT_TEAM = 346MLAG495;
				INFOPLIST_FILE = Instagram2.0/Info.plist;
				LD_RUNPATH_SEARCH_PATHS = (
					"$(inherited)",
					"@executable_path/Frameworks",
				);
				PRODUCT_BUNDLE_IDENTIFIER = "cristian.Instagram2-0";
				PRODUCT_NAME = "$(TARGET_NAME)";
				SWIFT_VERSION = 4.2;
				TARGETED_DEVICE_FAMILY = "1,2";
			};
			name = Release;
		};
		184E07732226952900107F43 /* Debug */ = {
			isa = XCBuildConfiguration;
			buildSettings = {
				ALWAYS_EMBED_SWIFT_STANDARD_LIBRARIES = YES;
				BUNDLE_LOADER = "$(TEST_HOST)";
				CODE_SIGN_STYLE = Automatic;
				INFOPLIST_FILE = Instagram2.0Tests/Info.plist;
				LD_RUNPATH_SEARCH_PATHS = (
					"$(inherited)",
					"@executable_path/Frameworks",
					"@loader_path/Frameworks",
				);
				PRODUCT_BUNDLE_IDENTIFIER = "cristian.Instagram2-0Tests";
				PRODUCT_NAME = "$(TARGET_NAME)";
				SWIFT_VERSION = 4.2;
				TARGETED_DEVICE_FAMILY = "1,2";
				TEST_HOST = "$(BUILT_PRODUCTS_DIR)/Instagram2.0.app/Instagram2.0";
			};
			name = Debug;
		};
		184E07742226952900107F43 /* Release */ = {
			isa = XCBuildConfiguration;
			buildSettings = {
				ALWAYS_EMBED_SWIFT_STANDARD_LIBRARIES = YES;
				BUNDLE_LOADER = "$(TEST_HOST)";
				CODE_SIGN_STYLE = Automatic;
				INFOPLIST_FILE = Instagram2.0Tests/Info.plist;
				LD_RUNPATH_SEARCH_PATHS = (
					"$(inherited)",
					"@executable_path/Frameworks",
					"@loader_path/Frameworks",
				);
				PRODUCT_BUNDLE_IDENTIFIER = "cristian.Instagram2-0Tests";
				PRODUCT_NAME = "$(TARGET_NAME)";
				SWIFT_VERSION = 4.2;
				TARGETED_DEVICE_FAMILY = "1,2";
				TEST_HOST = "$(BUILT_PRODUCTS_DIR)/Instagram2.0.app/Instagram2.0";
			};
			name = Release;
		};
		184E07762226952900107F43 /* Debug */ = {
			isa = XCBuildConfiguration;
			buildSettings = {
				ALWAYS_EMBED_SWIFT_STANDARD_LIBRARIES = YES;
				CODE_SIGN_STYLE = Automatic;
				INFOPLIST_FILE = Instagram2.0UITests/Info.plist;
				LD_RUNPATH_SEARCH_PATHS = (
					"$(inherited)",
					"@executable_path/Frameworks",
					"@loader_path/Frameworks",
				);
				PRODUCT_BUNDLE_IDENTIFIER = "cristian.Instagram2-0UITests";
				PRODUCT_NAME = "$(TARGET_NAME)";
				SWIFT_VERSION = 4.2;
				TARGETED_DEVICE_FAMILY = "1,2";
				TEST_TARGET_NAME = Instagram2.0;
			};
			name = Debug;
		};
		184E07772226952900107F43 /* Release */ = {
			isa = XCBuildConfiguration;
			buildSettings = {
				ALWAYS_EMBED_SWIFT_STANDARD_LIBRARIES = YES;
				CODE_SIGN_STYLE = Automatic;
				INFOPLIST_FILE = Instagram2.0UITests/Info.plist;
				LD_RUNPATH_SEARCH_PATHS = (
					"$(inherited)",
					"@executable_path/Frameworks",
					"@loader_path/Frameworks",
				);
				PRODUCT_BUNDLE_IDENTIFIER = "cristian.Instagram2-0UITests";
				PRODUCT_NAME = "$(TARGET_NAME)";
				SWIFT_VERSION = 4.2;
				TARGETED_DEVICE_FAMILY = "1,2";
				TEST_TARGET_NAME = Instagram2.0;
			};
			name = Release;
		};
/* End XCBuildConfiguration section */

/* Begin XCConfigurationList section */
		184E07422226952700107F43 /* Build configuration list for PBXProject "Instagram2.0" */ = {
			isa = XCConfigurationList;
			buildConfigurations = (
				184E076D2226952900107F43 /* Debug */,
				184E076E2226952900107F43 /* Release */,
			);
			defaultConfigurationIsVisible = 0;
			defaultConfigurationName = Release;
		};
		184E076F2226952900107F43 /* Build configuration list for PBXNativeTarget "Instagram2.0" */ = {
			isa = XCConfigurationList;
			buildConfigurations = (
				184E07702226952900107F43 /* Debug */,
				184E07712226952900107F43 /* Release */,
			);
			defaultConfigurationIsVisible = 0;
			defaultConfigurationName = Release;
		};
		184E07722226952900107F43 /* Build configuration list for PBXNativeTarget "Instagram2.0Tests" */ = {
			isa = XCConfigurationList;
			buildConfigurations = (
				184E07732226952900107F43 /* Debug */,
				184E07742226952900107F43 /* Release */,
			);
			defaultConfigurationIsVisible = 0;
			defaultConfigurationName = Release;
		};
		184E07752226952900107F43 /* Build configuration list for PBXNativeTarget "Instagram2.0UITests" */ = {
			isa = XCConfigurationList;
			buildConfigurations = (
				184E07762226952900107F43 /* Debug */,
				184E07772226952900107F43 /* Release */,
			);
			defaultConfigurationIsVisible = 0;
			defaultConfigurationName = Release;
		};
/* End XCConfigurationList section */
	};
	rootObject = 184E073F2226952700107F43 /* Project object */;
}
